// !$*UTF8*$!
{
	archiveVersion = 1;
	classes = {
	};
	objectVersion = 55;
	objects = {

/* Begin PBXBuildFile section */
		2D0E67A62838C1DD0042BAD3 /* AppDelegate.swift in Sources */ = {isa = PBXBuildFile; fileRef = 2D0E67A52838C1DD0042BAD3 /* AppDelegate.swift */; };
		2D0E67A82838C1DD0042BAD3 /* SceneDelegate.swift in Sources */ = {isa = PBXBuildFile; fileRef = 2D0E67A72838C1DD0042BAD3 /* SceneDelegate.swift */; };
		2D0E67AA2838C1DD0042BAD3 /* ViewController.swift in Sources */ = {isa = PBXBuildFile; fileRef = 2D0E67A92838C1DD0042BAD3 /* ViewController.swift */; };
		2D0E67AD2838C1DD0042BAD3 /* Main.storyboard in Resources */ = {isa = PBXBuildFile; fileRef = 2D0E67AB2838C1DD0042BAD3 /* Main.storyboard */; };
		2D0E67AF2838C1DE0042BAD3 /* Assets.xcassets in Resources */ = {isa = PBXBuildFile; fileRef = 2D0E67AE2838C1DE0042BAD3 /* Assets.xcassets */; };
		2D0E67B22838C1DE0042BAD3 /* LaunchScreen.storyboard in Resources */ = {isa = PBXBuildFile; fileRef = 2D0E67B02838C1DE0042BAD3 /* LaunchScreen.storyboard */; };
		2D0E67BD2838C1DE0042BAD3 /* MathEquationTests.swift in Sources */ = {isa = PBXBuildFile; fileRef = 2D0E67BC2838C1DE0042BAD3 /* MathEquationTests.swift */; };
		2D0E67C72838C1DE0042BAD3 /* calculatoryUITests.swift in Sources */ = {isa = PBXBuildFile; fileRef = 2D0E67C62838C1DE0042BAD3 /* calculatoryUITests.swift */; };
		2D0E67C92838C1DE0042BAD3 /* calculatoryUITestsLaunchTests.swift in Sources */ = {isa = PBXBuildFile; fileRef = 2D0E67C82838C1DE0042BAD3 /* calculatoryUITestsLaunchTests.swift */; };
		2D5D60F32838E2B200DAF85A /* UIColor+HexValue.swift in Sources */ = {isa = PBXBuildFile; fileRef = 2D5D60F22838E2B200DAF85A /* UIColor+HexValue.swift */; };
		2D5D60F52838E43400DAF85A /* CalculatorTheme.swift in Sources */ = {isa = PBXBuildFile; fileRef = 2D5D60F42838E43400DAF85A /* CalculatorTheme.swift */; };
		2D5D60F72838F1EB00DAF85A /* MathEquation.swift in Sources */ = {isa = PBXBuildFile; fileRef = 2D5D60F62838F1EB00DAF85A /* MathEquation.swift */; };
/* End PBXBuildFile section */

/* Begin PBXContainerItemProxy section */
		2D0E67B92838C1DE0042BAD3 /* PBXContainerItemProxy */ = {
			isa = PBXContainerItemProxy;
			containerPortal = 2D0E679A2838C1DD0042BAD3 /* Project object */;
			proxyType = 1;
			remoteGlobalIDString = 2D0E67A12838C1DD0042BAD3;
			remoteInfo = calculatory;
		};
		2D0E67C32838C1DE0042BAD3 /* PBXContainerItemProxy */ = {
			isa = PBXContainerItemProxy;
			containerPortal = 2D0E679A2838C1DD0042BAD3 /* Project object */;
			proxyType = 1;
			remoteGlobalIDString = 2D0E67A12838C1DD0042BAD3;
			remoteInfo = calculatory;
		};
/* End PBXContainerItemProxy section */

/* Begin PBXFileReference section */
		2D0E67A22838C1DD0042BAD3 /* calculatory.app */ = {isa = PBXFileReference; explicitFileType = wrapper.application; includeInIndex = 0; path = calculatory.app; sourceTree = BUILT_PRODUCTS_DIR; };
		2D0E67A52838C1DD0042BAD3 /* AppDelegate.swift */ = {isa = PBXFileReference; lastKnownFileType = sourcecode.swift; path = AppDelegate.swift; sourceTree = "<group>"; };
		2D0E67A72838C1DD0042BAD3 /* SceneDelegate.swift */ = {isa = PBXFileReference; lastKnownFileType = sourcecode.swift; path = SceneDelegate.swift; sourceTree = "<group>"; };
		2D0E67A92838C1DD0042BAD3 /* ViewController.swift */ = {isa = PBXFileReference; lastKnownFileType = sourcecode.swift; path = ViewController.swift; sourceTree = "<group>"; };
		2D0E67AC2838C1DD0042BAD3 /* Base */ = {isa = PBXFileReference; lastKnownFileType = file.storyboard; name = Base; path = Base.lproj/Main.storyboard; sourceTree = "<group>"; };
		2D0E67AE2838C1DE0042BAD3 /* Assets.xcassets */ = {isa = PBXFileReference; lastKnownFileType = folder.assetcatalog; path = Assets.xcassets; sourceTree = "<group>"; };
		2D0E67B12838C1DE0042BAD3 /* Base */ = {isa = PBXFileReference; lastKnownFileType = file.storyboard; name = Base; path = Base.lproj/LaunchScreen.storyboard; sourceTree = "<group>"; };
		2D0E67B32838C1DE0042BAD3 /* Info.plist */ = {isa = PBXFileReference; lastKnownFileType = text.plist.xml; path = Info.plist; sourceTree = "<group>"; };
		2D0E67B82838C1DE0042BAD3 /* calculatoryTests.xctest */ = {isa = PBXFileReference; explicitFileType = wrapper.cfbundle; includeInIndex = 0; path = calculatoryTests.xctest; sourceTree = BUILT_PRODUCTS_DIR; };
		2D0E67BC2838C1DE0042BAD3 /* MathEquationTests.swift */ = {isa = PBXFileReference; lastKnownFileType = sourcecode.swift; path = MathEquationTests.swift; sourceTree = "<group>"; };
		2D0E67C22838C1DE0042BAD3 /* calculatoryUITests.xctest */ = {isa = PBXFileReference; explicitFileType = wrapper.cfbundle; includeInIndex = 0; path = calculatoryUITests.xctest; sourceTree = BUILT_PRODUCTS_DIR; };
		2D0E67C62838C1DE0042BAD3 /* calculatoryUITests.swift */ = {isa = PBXFileReference; lastKnownFileType = sourcecode.swift; path = calculatoryUITests.swift; sourceTree = "<group>"; };
		2D0E67C82838C1DE0042BAD3 /* calculatoryUITestsLaunchTests.swift */ = {isa = PBXFileReference; lastKnownFileType = sourcecode.swift; path = calculatoryUITestsLaunchTests.swift; sourceTree = "<group>"; };
		2D5D60F22838E2B200DAF85A /* UIColor+HexValue.swift */ = {isa = PBXFileReference; fileEncoding = 4; lastKnownFileType = sourcecode.swift; path = "UIColor+HexValue.swift"; sourceTree = "<group>"; };
		2D5D60F42838E43400DAF85A /* CalculatorTheme.swift */ = {isa = PBXFileReference; lastKnownFileType = sourcecode.swift; path = CalculatorTheme.swift; sourceTree = "<group>"; };
		2D5D60F62838F1EB00DAF85A /* MathEquation.swift */ = {isa = PBXFileReference; lastKnownFileType = sourcecode.swift; path = MathEquation.swift; sourceTree = "<group>"; };
/* End PBXFileReference section */

/* Begin PBXFrameworksBuildPhase section */
		2D0E679F2838C1DD0042BAD3 /* Frameworks */ = {
			isa = PBXFrameworksBuildPhase;
			buildActionMask = 2147483647;
			files = (
			);
			runOnlyForDeploymentPostprocessing = 0;
		};
		2D0E67B52838C1DE0042BAD3 /* Frameworks */ = {
			isa = PBXFrameworksBuildPhase;
			buildActionMask = 2147483647;
			files = (
			);
			runOnlyForDeploymentPostprocessing = 0;
		};
		2D0E67BF2838C1DE0042BAD3 /* Frameworks */ = {
			isa = PBXFrameworksBuildPhase;
			buildActionMask = 2147483647;
			files = (
			);
			runOnlyForDeploymentPostprocessing = 0;
		};
/* End PBXFrameworksBuildPhase section */

/* Begin PBXGroup section */
		2D0E67992838C1DD0042BAD3 = {
			isa = PBXGroup;
			children = (
				2D0E67A42838C1DD0042BAD3 /* calculatory */,
				2D0E67BB2838C1DE0042BAD3 /* calculatoryTests */,
				2D0E67C52838C1DE0042BAD3 /* calculatoryUITests */,
				2D0E67A32838C1DD0042BAD3 /* Products */,
			);
			sourceTree = "<group>";
		};
		2D0E67A32838C1DD0042BAD3 /* Products */ = {
			isa = PBXGroup;
			children = (
				2D0E67A22838C1DD0042BAD3 /* calculatory.app */,
				2D0E67B82838C1DE0042BAD3 /* calculatoryTests.xctest */,
				2D0E67C22838C1DE0042BAD3 /* calculatoryUITests.xctest */,
			);
			name = Products;
			sourceTree = "<group>";
		};
		2D0E67A42838C1DD0042BAD3 /* calculatory */ = {
			isa = PBXGroup;
			children = (
				2D5D60F12838E2A700DAF85A /* Extensions */,
				2D0E67A52838C1DD0042BAD3 /* AppDelegate.swift */,
				2D0E67A72838C1DD0042BAD3 /* SceneDelegate.swift */,
				2D5D60F62838F1EB00DAF85A /* MathEquation.swift */,
				2D0E67A92838C1DD0042BAD3 /* ViewController.swift */,
				2D5D60F42838E43400DAF85A /* CalculatorTheme.swift */,
				2D0E67AB2838C1DD0042BAD3 /* Main.storyboard */,
				2D0E67AE2838C1DE0042BAD3 /* Assets.xcassets */,
				2D0E67B02838C1DE0042BAD3 /* LaunchScreen.storyboard */,
				2D0E67B32838C1DE0042BAD3 /* Info.plist */,
			);
			path = calculatory;
			sourceTree = "<group>";
		};
		2D0E67BB2838C1DE0042BAD3 /* calculatoryTests */ = {
			isa = PBXGroup;
			children = (
				2D0E67BC2838C1DE0042BAD3 /* MathEquationTests.swift */,
			);
			path = calculatoryTests;
			sourceTree = "<group>";
		};
		2D0E67C52838C1DE0042BAD3 /* calculatoryUITests */ = {
			isa = PBXGroup;
			children = (
				2D0E67C62838C1DE0042BAD3 /* calculatoryUITests.swift */,
				2D0E67C82838C1DE0042BAD3 /* calculatoryUITestsLaunchTests.swift */,
			);
			path = calculatoryUITests;
			sourceTree = "<group>";
		};
		2D5D60F12838E2A700DAF85A /* Extensions */ = {
			isa = PBXGroup;
			children = (
				2D5D60F22838E2B200DAF85A /* UIColor+HexValue.swift */,
			);
			path = Extensions;
			sourceTree = "<group>";
		};
/* End PBXGroup section */

/* Begin PBXNativeTarget section */
		2D0E67A12838C1DD0042BAD3 /* calculatory */ = {
			isa = PBXNativeTarget;
			buildConfigurationList = 2D0E67CC2838C1DE0042BAD3 /* Build configuration list for PBXNativeTarget "calculatory" */;
			buildPhases = (
				2D0E679E2838C1DD0042BAD3 /* Sources */,
				2D0E679F2838C1DD0042BAD3 /* Frameworks */,
				2D0E67A02838C1DD0042BAD3 /* Resources */,
			);
			buildRules = (
			);
			dependencies = (
			);
			name = calculatory;
			productName = calculatory;
			productReference = 2D0E67A22838C1DD0042BAD3 /* calculatory.app */;
			productType = "com.apple.product-type.application";
		};
		2D0E67B72838C1DE0042BAD3 /* calculatoryTests */ = {
			isa = PBXNativeTarget;
			buildConfigurationList = 2D0E67CF2838C1DE0042BAD3 /* Build configuration list for PBXNativeTarget "calculatoryTests" */;
			buildPhases = (
				2D0E67B42838C1DE0042BAD3 /* Sources */,
				2D0E67B52838C1DE0042BAD3 /* Frameworks */,
				2D0E67B62838C1DE0042BAD3 /* Resources */,
			);
			buildRules = (
			);
			dependencies = (
				2D0E67BA2838C1DE0042BAD3 /* PBXTargetDependency */,
			);
			name = calculatoryTests;
			productName = calculatoryTests;
			productReference = 2D0E67B82838C1DE0042BAD3 /* calculatoryTests.xctest */;
			productType = "com.apple.product-type.bundle.unit-test";
		};
		2D0E67C12838C1DE0042BAD3 /* calculatoryUITests */ = {
			isa = PBXNativeTarget;
			buildConfigurationList = 2D0E67D22838C1DE0042BAD3 /* Build configuration list for PBXNativeTarget "calculatoryUITests" */;
			buildPhases = (
				2D0E67BE2838C1DE0042BAD3 /* Sources */,
				2D0E67BF2838C1DE0042BAD3 /* Frameworks */,
				2D0E67C02838C1DE0042BAD3 /* Resources */,
			);
			buildRules = (
			);
			dependencies = (
				2D0E67C42838C1DE0042BAD3 /* PBXTargetDependency */,
			);
			name = calculatoryUITests;
			productName = calculatoryUITests;
			productReference = 2D0E67C22838C1DE0042BAD3 /* calculatoryUITests.xctest */;
			productType = "com.apple.product-type.bundle.ui-testing";
		};
/* End PBXNativeTarget section */

/* Begin PBXProject section */
		2D0E679A2838C1DD0042BAD3 /* Project object */ = {
			isa = PBXProject;
			attributes = {
				BuildIndependentTargetsInParallel = 1;
				LastSwiftUpdateCheck = 1330;
				LastUpgradeCheck = 1330;
				TargetAttributes = {
					2D0E67A12838C1DD0042BAD3 = {
						CreatedOnToolsVersion = 13.3.1;
					};
					2D0E67B72838C1DE0042BAD3 = {
						CreatedOnToolsVersion = 13.3.1;
						TestTargetID = 2D0E67A12838C1DD0042BAD3;
					};
					2D0E67C12838C1DE0042BAD3 = {
						CreatedOnToolsVersion = 13.3.1;
						TestTargetID = 2D0E67A12838C1DD0042BAD3;
					};
				};
			};
			buildConfigurationList = 2D0E679D2838C1DD0042BAD3 /* Build configuration list for PBXProject "calculatory" */;
			compatibilityVersion = "Xcode 13.0";
			developmentRegion = en;
			hasScannedForEncodings = 0;
			knownRegions = (
				en,
				Base,
			);
			mainGroup = 2D0E67992838C1DD0042BAD3;
			productRefGroup = 2D0E67A32838C1DD0042BAD3 /* Products */;
			projectDirPath = "";
			projectRoot = "";
			targets = (
				2D0E67A12838C1DD0042BAD3 /* calculatory */,
				2D0E67B72838C1DE0042BAD3 /* calculatoryTests */,
				2D0E67C12838C1DE0042BAD3 /* calculatoryUITests */,
			);
		};
/* End PBXProject section */

/* Begin PBXResourcesBuildPhase section */
		2D0E67A02838C1DD0042BAD3 /* Resources */ = {
			isa = PBXResourcesBuildPhase;
			buildActionMask = 2147483647;
			files = (
				2D0E67B22838C1DE0042BAD3 /* LaunchScreen.storyboard in Resources */,
				2D0E67AF2838C1DE0042BAD3 /* Assets.xcassets in Resources */,
				2D0E67AD2838C1DD0042BAD3 /* Main.storyboard in Resources */,
			);
			runOnlyForDeploymentPostprocessing = 0;
		};
		2D0E67B62838C1DE0042BAD3 /* Resources */ = {
			isa = PBXResourcesBuildPhase;
			buildActionMask = 2147483647;
			files = (
			);
			runOnlyForDeploymentPostprocessing = 0;
		};
		2D0E67C02838C1DE0042BAD3 /* Resources */ = {
			isa = PBXResourcesBuildPhase;
			buildActionMask = 2147483647;
			files = (
			);
			runOnlyForDeploymentPostprocessing = 0;
		};
/* End PBXResourcesBuildPhase section */

/* Begin PBXSourcesBuildPhase section */
		2D0E679E2838C1DD0042BAD3 /* Sources */ = {
			isa = PBXSourcesBuildPhase;
			buildActionMask = 2147483647;
			files = (
				2D0E67AA2838C1DD0042BAD3 /* ViewController.swift in Sources */,
				2D5D60F72838F1EB00DAF85A /* MathEquation.swift in Sources */,
				2D0E67A62838C1DD0042BAD3 /* AppDelegate.swift in Sources */,
				2D5D60F52838E43400DAF85A /* CalculatorTheme.swift in Sources */,
				2D0E67A82838C1DD0042BAD3 /* SceneDelegate.swift in Sources */,
				2D5D60F32838E2B200DAF85A /* UIColor+HexValue.swift in Sources */,
			);
			runOnlyForDeploymentPostprocessing = 0;
		};
		2D0E67B42838C1DE0042BAD3 /* Sources */ = {
			isa = PBXSourcesBuildPhase;
			buildActionMask = 2147483647;
			files = (
				2D0E67BD2838C1DE0042BAD3 /* MathEquationTests.swift in Sources */,
			);
			runOnlyForDeploymentPostprocessing = 0;
		};
		2D0E67BE2838C1DE0042BAD3 /* Sources */ = {
			isa = PBXSourcesBuildPhase;
			buildActionMask = 2147483647;
			files = (
				2D0E67C92838C1DE0042BAD3 /* calculatoryUITestsLaunchTests.swift in Sources */,
				2D0E67C72838C1DE0042BAD3 /* calculatoryUITests.swift in Sources */,
			);
			runOnlyForDeploymentPostprocessing = 0;
		};
/* End PBXSourcesBuildPhase section */

/* Begin PBXTargetDependency section */
		2D0E67BA2838C1DE0042BAD3 /* PBXTargetDependency */ = {
			isa = PBXTargetDependency;
			target = 2D0E67A12838C1DD0042BAD3 /* calculatory */;
			targetProxy = 2D0E67B92838C1DE0042BAD3 /* PBXContainerItemProxy */;
		};
		2D0E67C42838C1DE0042BAD3 /* PBXTargetDependency */ = {
			isa = PBXTargetDependency;
			target = 2D0E67A12838C1DD0042BAD3 /* calculatory */;
			targetProxy = 2D0E67C32838C1DE0042BAD3 /* PBXContainerItemProxy */;
		};
/* End PBXTargetDependency section */

/* Begin PBXVariantGroup section */
		2D0E67AB2838C1DD0042BAD3 /* Main.storyboard */ = {
			isa = PBXVariantGroup;
			children = (
				2D0E67AC2838C1DD0042BAD3 /* Base */,
			);
			name = Main.storyboard;
			sourceTree = "<group>";
		};
		2D0E67B02838C1DE0042BAD3 /* LaunchScreen.storyboard */ = {
			isa = PBXVariantGroup;
			children = (
				2D0E67B12838C1DE0042BAD3 /* Base */,
			);
			name = LaunchScreen.storyboard;
			sourceTree = "<group>";
		};
/* End PBXVariantGroup section */

/* Begin XCBuildConfiguration section */
		2D0E67CA2838C1DE0042BAD3 /* Debug */ = {
			isa = XCBuildConfiguration;
			buildSettings = {
				ALWAYS_SEARCH_USER_PATHS = NO;
				CLANG_ANALYZER_NONNULL = YES;
				CLANG_ANALYZER_NUMBER_OBJECT_CONVERSION = YES_AGGRESSIVE;
				CLANG_CXX_LANGUAGE_STANDARD = "gnu++17";
				CLANG_ENABLE_MODULES = YES;
				CLANG_ENABLE_OBJC_ARC = YES;
				CLANG_ENABLE_OBJC_WEAK = YES;
				CLANG_WARN_BLOCK_CAPTURE_AUTORELEASING = YES;
				CLANG_WARN_BOOL_CONVERSION = YES;
				CLANG_WARN_COMMA = YES;
				CLANG_WARN_CONSTANT_CONVERSION = YES;
				CLANG_WARN_DEPRECATED_OBJC_IMPLEMENTATIONS = YES;
				CLANG_WARN_DIRECT_OBJC_ISA_USAGE = YES_ERROR;
				CLANG_WARN_DOCUMENTATION_COMMENTS = YES;
				CLANG_WARN_EMPTY_BODY = YES;
				CLANG_WARN_ENUM_CONVERSION = YES;
				CLANG_WARN_INFINITE_RECURSION = YES;
				CLANG_WARN_INT_CONVERSION = YES;
				CLANG_WARN_NON_LITERAL_NULL_CONVERSION = YES;
				CLANG_WARN_OBJC_IMPLICIT_RETAIN_SELF = YES;
				CLANG_WARN_OBJC_LITERAL_CONVERSION = YES;
				CLANG_WARN_OBJC_ROOT_CLASS = YES_ERROR;
				CLANG_WARN_QUOTED_INCLUDE_IN_FRAMEWORK_HEADER = YES;
				CLANG_WARN_RANGE_LOOP_ANALYSIS = YES;
				CLANG_WARN_STRICT_PROTOTYPES = YES;
				CLANG_WARN_SUSPICIOUS_MOVE = YES;
				CLANG_WARN_UNGUARDED_AVAILABILITY = YES_AGGRESSIVE;
				CLANG_WARN_UNREACHABLE_CODE = YES;
				CLANG_WARN__DUPLICATE_METHOD_MATCH = YES;
				COPY_PHASE_STRIP = NO;
				DEBUG_INFORMATION_FORMAT = dwarf;
				ENABLE_STRICT_OBJC_MSGSEND = YES;
				ENABLE_TESTABILITY = YES;
				GCC_C_LANGUAGE_STANDARD = gnu11;
				GCC_DYNAMIC_NO_PIC = NO;
				GCC_NO_COMMON_BLOCKS = YES;
				GCC_OPTIMIZATION_LEVEL = 0;
				GCC_PREPROCESSOR_DEFINITIONS = (
					"DEBUG=1",
					"$(inherited)",
				);
				GCC_WARN_64_TO_32_BIT_CONVERSION = YES;
				GCC_WARN_ABOUT_RETURN_TYPE = YES_ERROR;
				GCC_WARN_UNDECLARED_SELECTOR = YES;
				GCC_WARN_UNINITIALIZED_AUTOS = YES_AGGRESSIVE;
				GCC_WARN_UNUSED_FUNCTION = YES;
				GCC_WARN_UNUSED_VARIABLE = YES;
				IPHONEOS_DEPLOYMENT_TARGET = 15.4;
				MTL_ENABLE_DEBUG_INFO = INCLUDE_SOURCE;
				MTL_FAST_MATH = YES;
				ONLY_ACTIVE_ARCH = YES;
				SDKROOT = iphoneos;
				SWIFT_ACTIVE_COMPILATION_CONDITIONS = DEBUG;
				SWIFT_OPTIMIZATION_LEVEL = "-Onone";
			};
			name = Debug;
		};
		2D0E67CB2838C1DE0042BAD3 /* Release */ = {
			isa = XCBuildConfiguration;
			buildSettings = {
				ALWAYS_SEARCH_USER_PATHS = NO;
				CLANG_ANALYZER_NONNULL = YES;
				CLANG_ANALYZER_NUMBER_OBJECT_CONVERSION = YES_AGGRESSIVE;
				CLANG_CXX_LANGUAGE_STANDARD = "gnu++17";
				CLANG_ENABLE_MODULES = YES;
				CLANG_ENABLE_OBJC_ARC = YES;
				CLANG_ENABLE_OBJC_WEAK = YES;
				CLANG_WARN_BLOCK_CAPTURE_AUTORELEASING = YES;
				CLANG_WARN_BOOL_CONVERSION = YES;
				CLANG_WARN_COMMA = YES;
				CLANG_WARN_CONSTANT_CONVERSION = YES;
				CLANG_WARN_DEPRECATED_OBJC_IMPLEMENTATIONS = YES;
				CLANG_WARN_DIRECT_OBJC_ISA_USAGE = YES_ERROR;
				CLANG_WARN_DOCUMENTATION_COMMENTS = YES;
				CLANG_WARN_EMPTY_BODY = YES;
				CLANG_WARN_ENUM_CONVERSION = YES;
				CLANG_WARN_INFINITE_RECURSION = YES;
				CLANG_WARN_INT_CONVERSION = YES;
				CLANG_WARN_NON_LITERAL_NULL_CONVERSION = YES;
				CLANG_WARN_OBJC_IMPLICIT_RETAIN_SELF = YES;
				CLANG_WARN_OBJC_LITERAL_CONVERSION = YES;
				CLANG_WARN_OBJC_ROOT_CLASS = YES_ERROR;
				CLANG_WARN_QUOTED_INCLUDE_IN_FRAMEWORK_HEADER = YES;
				CLANG_WARN_RANGE_LOOP_ANALYSIS = YES;
				CLANG_WARN_STRICT_PROTOTYPES = YES;
				CLANG_WARN_SUSPICIOUS_MOVE = YES;
				CLANG_WARN_UNGUARDED_AVAILABILITY = YES_AGGRESSIVE;
				CLANG_WARN_UNREACHABLE_CODE = YES;
				CLANG_WARN__DUPLICATE_METHOD_MATCH = YES;
				COPY_PHASE_STRIP = NO;
				DEBUG_INFORMATION_FORMAT = "dwarf-with-dsym";
				ENABLE_NS_ASSERTIONS = NO;
				ENABLE_STRICT_OBJC_MSGSEND = YES;
				GCC_C_LANGUAGE_STANDARD = gnu11;
				GCC_NO_COMMON_BLOCKS = YES;
				GCC_WARN_64_TO_32_BIT_CONVERSION = YES;
				GCC_WARN_ABOUT_RETURN_TYPE = YES_ERROR;
				GCC_WARN_UNDECLARED_SELECTOR = YES;
				GCC_WARN_UNINITIALIZED_AUTOS = YES_AGGRESSIVE;
				GCC_WARN_UNUSED_FUNCTION = YES;
				GCC_WARN_UNUSED_VARIABLE = YES;
				IPHONEOS_DEPLOYMENT_TARGET = 15.4;
				MTL_ENABLE_DEBUG_INFO = NO;
				MTL_FAST_MATH = YES;
				SDKROOT = iphoneos;
				SWIFT_COMPILATION_MODE = wholemodule;
				SWIFT_OPTIMIZATION_LEVEL = "-O";
				VALIDATE_PRODUCT = YES;
			};
			name = Release;
		};
		2D0E67CD2838C1DE0042BAD3 /* Debug */ = {
			isa = XCBuildConfiguration;
			buildSettings = {
				ASSETCATALOG_COMPILER_APPICON_NAME = AppIcon;
				ASSETCATALOG_COMPILER_GLOBAL_ACCENT_COLOR_NAME = AccentColor;
				CODE_SIGN_STYLE = Automatic;
				CURRENT_PROJECT_VERSION = 1;
				DEVELOPMENT_TEAM = 7492XNM62P;
				GENERATE_INFOPLIST_FILE = YES;
				INFOPLIST_FILE = calculatory/Info.plist;
				INFOPLIST_KEY_UIApplicationSupportsIndirectInputEvents = YES;
				INFOPLIST_KEY_UILaunchStoryboardName = LaunchScreen;
				INFOPLIST_KEY_UIMainStoryboardFile = Main;
				INFOPLIST_KEY_UISupportedInterfaceOrientations = UIInterfaceOrientationPortrait;
				INFOPLIST_KEY_UISupportedInterfaceOrientations_iPad = "UIInterfaceOrientationPortrait UIInterfaceOrientationPortraitUpsideDown UIInterfaceOrientationLandscapeLeft UIInterfaceOrientationLandscapeRight";
				INFOPLIST_KEY_UISupportedInterfaceOrientations_iPhone = UIInterfaceOrientationPortrait;
				IPHONEOS_DEPLOYMENT_TARGET = 15.4;
				LD_RUNPATH_SEARCH_PATHS = (
					"$(inherited)",
					"@executable_path/Frameworks",
				);
				MARKETING_VERSION = 1.0;
				PRODUCT_BUNDLE_IDENTIFIER = com.atabany.calculatory;
				PRODUCT_NAME = "$(TARGET_NAME)";
				SWIFT_EMIT_LOC_STRINGS = YES;
				SWIFT_VERSION = 5.0;
				TARGETED_DEVICE_FAMILY = "1,2";
			};
			name = Debug;
		};
		2D0E67CE2838C1DE0042BAD3 /* Release */ = {
			isa = XCBuildConfiguration;
			buildSettings = {
				ASSETCATALOG_COMPILER_APPICON_NAME = AppIcon;
				ASSETCATALOG_COMPILER_GLOBAL_ACCENT_COLOR_NAME = AccentColor;
				CODE_SIGN_STYLE = Automatic;
				CURRENT_PROJECT_VERSION = 1;
				DEVELOPMENT_TEAM = 7492XNM62P;
				GENERATE_INFOPLIST_FILE = YES;
				INFOPLIST_FILE = calculatory/Info.plist;
				INFOPLIST_KEY_UIApplicationSupportsIndirectInputEvents = YES;
				INFOPLIST_KEY_UILaunchStoryboardName = LaunchScreen;
				INFOPLIST_KEY_UIMainStoryboardFile = Main;
				INFOPLIST_KEY_UISupportedInterfaceOrientations = UIInterfaceOrientationPortrait;
				INFOPLIST_KEY_UISupportedInterfaceOrientations_iPad = "UIInterfaceOrientationPortrait UIInterfaceOrientationPortraitUpsideDown UIInterfaceOrientationLandscapeLeft UIInterfaceOrientationLandscapeRight";
				INFOPLIST_KEY_UISupportedInterfaceOrientations_iPhone = UIInterfaceOrientationPortrait;
				IPHONEOS_DEPLOYMENT_TARGET = 15.4;
				LD_RUNPATH_SEARCH_PATHS = (
					"$(inherited)",
					"@executable_path/Frameworks",
				);
				MARKETING_VERSION = 1.0;
				PRODUCT_BUNDLE_IDENTIFIER = com.atabany.calculatory;
				PRODUCT_NAME = "$(TARGET_NAME)";
				SWIFT_EMIT_LOC_STRINGS = YES;
				SWIFT_VERSION = 5.0;
				TARGETED_DEVICE_FAMILY = "1,2";
			};
			name = Release;
		};
		2D0E67D02838C1DE0042BAD3 /* Debug */ = {
			isa = XCBuildConfiguration;
			buildSettings = {
				ALWAYS_EMBED_SWIFT_STANDARD_LIBRARIES = YES;
				BUNDLE_LOADER = "$(TEST_HOST)";
				CODE_SIGN_STYLE = Automatic;
				CURRENT_PROJECT_VERSION = 1;
				DEVELOPMENT_TEAM = 7492XNM62P;
				GENERATE_INFOPLIST_FILE = YES;
				IPHONEOS_DEPLOYMENT_TARGET = 15.4;
				MARKETING_VERSION = 1.0;
				PRODUCT_BUNDLE_IDENTIFIER = com.atabany.calculatoryTests;
				PRODUCT_NAME = "$(TARGET_NAME)";
				SWIFT_EMIT_LOC_STRINGS = NO;
				SWIFT_VERSION = 5.0;
				TARGETED_DEVICE_FAMILY = "1,2";
				TEST_HOST = "$(BUILT_PRODUCTS_DIR)/calculatory.app/calculatory";
			};
			name = Debug;
		};
		2D0E67D12838C1DE0042BAD3 /* Release */ = {
			isa = XCBuildConfiguration;
			buildSettings = {
				ALWAYS_EMBED_SWIFT_STANDARD_LIBRARIES = YES;
				BUNDLE_LOADER = "$(TEST_HOST)";
				CODE_SIGN_STYLE = Automatic;
				CURRENT_PROJECT_VERSION = 1;
				DEVELOPMENT_TEAM = 7492XNM62P;
				GENERATE_INFOPLIST_FILE = YES;
				IPHONEOS_DEPLOYMENT_TARGET = 15.4;
				MARKETING_VERSION = 1.0;
				PRODUCT_BUNDLE_IDENTIFIER = com.atabany.calculatoryTests;
				PRODUCT_NAME = "$(TARGET_NAME)";
				SWIFT_EMIT_LOC_STRINGS = NO;
				SWIFT_VERSION = 5.0;
				TARGETED_DEVICE_FAMILY = "1,2";
				TEST_HOST = "$(BUILT_PRODUCTS_DIR)/calculatory.app/calculatory";
			};
			name = Release;
		};
		2D0E67D32838C1DE0042BAD3 /* Debug */ = {
			isa = XCBuildConfiguration;
			buildSettings = {
				ALWAYS_EMBED_SWIFT_STANDARD_LIBRARIES = YES;
				CODE_SIGN_STYLE = Automatic;
				CURRENT_PROJECT_VERSION = 1;
				DEVELOPMENT_TEAM = 7492XNM62P;
				GENERATE_INFOPLIST_FILE = YES;
				MARKETING_VERSION = 1.0;
				PRODUCT_BUNDLE_IDENTIFIER = com.atabany.calculatoryUITests;
				PRODUCT_NAME = "$(TARGET_NAME)";
				SWIFT_EMIT_LOC_STRINGS = NO;
				SWIFT_VERSION = 5.0;
				TARGETED_DEVICE_FAMILY = "1,2";
				TEST_TARGET_NAME = calculatory;
			};
			name = Debug;
		};
		2D0E67D42838C1DE0042BAD3 /* Release */ = {
			isa = XCBuildConfiguration;
			buildSettings = {
				ALWAYS_EMBED_SWIFT_STANDARD_LIBRARIES = YES;
				CODE_SIGN_STYLE = Automatic;
				CURRENT_PROJECT_VERSION = 1;
				DEVELOPMENT_TEAM = 7492XNM62P;
				GENERATE_INFOPLIST_FILE = YES;
				MARKETING_VERSION = 1.0;
				PRODUCT_BUNDLE_IDENTIFIER = com.atabany.calculatoryUITests;
				PRODUCT_NAME = "$(TARGET_NAME)";
				SWIFT_EMIT_LOC_STRINGS = NO;
				SWIFT_VERSION = 5.0;
				TARGETED_DEVICE_FAMILY = "1,2";
				TEST_TARGET_NAME = calculatory;
			};
			name = Release;
		};
/* End XCBuildConfiguration section */

/* Begin XCConfigurationList section */
		2D0E679D2838C1DD0042BAD3 /* Build configuration list for PBXProject "calculatory" */ = {
			isa = XCConfigurationList;
			buildConfigurations = (
				2D0E67CA2838C1DE0042BAD3 /* Debug */,
				2D0E67CB2838C1DE0042BAD3 /* Release */,
			);
			defaultConfigurationIsVisible = 0;
			defaultConfigurationName = Release;
		};
		2D0E67CC2838C1DE0042BAD3 /* Build configuration list for PBXNativeTarget "calculatory" */ = {
			isa = XCConfigurationList;
			buildConfigurations = (
				2D0E67CD2838C1DE0042BAD3 /* Debug */,
				2D0E67CE2838C1DE0042BAD3 /* Release */,
			);
			defaultConfigurationIsVisible = 0;
			defaultConfigurationName = Release;
		};
		2D0E67CF2838C1DE0042BAD3 /* Build configuration list for PBXNativeTarget "calculatoryTests" */ = {
			isa = XCConfigurationList;
			buildConfigurations = (
				2D0E67D02838C1DE0042BAD3 /* Debug */,
				2D0E67D12838C1DE0042BAD3 /* Release */,
			);
			defaultConfigurationIsVisible = 0;
			defaultConfigurationName = Release;
		};
		2D0E67D22838C1DE0042BAD3 /* Build configuration list for PBXNativeTarget "calculatoryUITests" */ = {
			isa = XCConfigurationList;
			buildConfigurations = (
				2D0E67D32838C1DE0042BAD3 /* Debug */,
				2D0E67D42838C1DE0042BAD3 /* Release */,
			);
			defaultConfigurationIsVisible = 0;
			defaultConfigurationName = Release;
		};
/* End XCConfigurationList section */
	};
	rootObject = 2D0E679A2838C1DD0042BAD3 /* Project object */;
}
